
Microsoft Visual Studio Solution File, Format Version 12.00
# Visual Studio Version 17
VisualStudioVersion = 17.5.002.0
MinimumVisualStudioVersion = 10.0.40219.1
Project("{9A19103F-16F7-4668-BE54-9A1E7A4F7556}") = "hello-dotnet", "hello-dotnet.csproj", "{C00DAA4E-20FD-40E4-8FAE-24A567265E7A}"
EndProject
Global
	GlobalSection(SolutionConfigurationPlatforms) = preSolution
		Debug|Any CPU = Debug|Any CPU
		Release|Any CPU = Release|Any CPU
	EndGlobalSection
	GlobalSection(ProjectConfigurationPlatforms) = postSolution
		{C00DAA4E-20FD-40E4-8FAE-24A567265E7A}.Debug|Any CPU.ActiveCfg = Debug|Any CPU
		{C00DAA4E-20FD-40E4-8FAE-24A567265E7A}.Debug|Any CPU.Build.0 = Debug|Any CPU
		{C00DAA4E-20FD-40E4-8FAE-24A567265E7A}.Release|Any CPU.ActiveCfg = Release|Any CPU
		{C00DAA4E-20FD-40E4-8FAE-24A567265E7A}.Release|Any CPU.Build.0 = Release|Any CPU
	EndGlobalSection
	GlobalSection(SolutionProperties) = preSolution
		HideSolutionNode = FALSE
	EndGlobalSection
	GlobalSection(ExtensibilityGlobals) = postSolution
		SolutionGuid = {AA4C9057-51F5-413F-AA15-48AC53DDBE22}
	EndGlobalSection
EndGlobal
